// !$*UTF8*$!
{
	archiveVersion = 1;
	classes = {
	};
	objectVersion = 50;
	objects = {

/* Begin PBXBuildFile section */
		D8ADA7F5213282D7003050F5 /* AppDelegate.m in Sources */ = {isa = PBXBuildFile; fileRef = D8ADA7F4213282D7003050F5 /* AppDelegate.m */; };
		D8ADA7FB213282D7003050F5 /* Main.storyboard in Resources */ = {isa = PBXBuildFile; fileRef = D8ADA7F9213282D7003050F5 /* Main.storyboard */; };
		D8ADA7FD213282D8003050F5 /* Assets.xcassets in Resources */ = {isa = PBXBuildFile; fileRef = D8ADA7FC213282D8003050F5 /* Assets.xcassets */; };
		D8ADA800213282D8003050F5 /* LaunchScreen.storyboard in Resources */ = {isa = PBXBuildFile; fileRef = D8ADA7FE213282D8003050F5 /* LaunchScreen.storyboard */; };
		D8ADA803213282D8003050F5 /* main.m in Sources */ = {isa = PBXBuildFile; fileRef = D8ADA802213282D8003050F5 /* main.m */; };
		D8ADA80D213282D8003050F5 /* ZZMusicTests.m in Sources */ = {isa = PBXBuildFile; fileRef = D8ADA80C213282D8003050F5 /* ZZMusicTests.m */; };
		D8ADA818213282D8003050F5 /* ZZMusicUITests.m in Sources */ = {isa = PBXBuildFile; fileRef = D8ADA817213282D8003050F5 /* ZZMusicUITests.m */; };
		D8ADA83A2132D0E4003050F5 /* BaseViewController.m in Sources */ = {isa = PBXBuildFile; fileRef = D8ADA8392132D0E4003050F5 /* BaseViewController.m */; };
		D8ADA83D2132D12E003050F5 /* LeftDrawerViewController.m in Sources */ = {isa = PBXBuildFile; fileRef = D8ADA83C2132D12E003050F5 /* LeftDrawerViewController.m */; };
		D8ADA8402132D140003050F5 /* MidDrawerViewController.m in Sources */ = {isa = PBXBuildFile; fileRef = D8ADA83F2132D140003050F5 /* MidDrawerViewController.m */; };
		D8ADA8432132D14F003050F5 /* RightDrawerViewController.m in Sources */ = {isa = PBXBuildFile; fileRef = D8ADA8422132D14F003050F5 /* RightDrawerViewController.m */; };
		D8ADA8462132D16F003050F5 /* LeftDrawerView.m in Sources */ = {isa = PBXBuildFile; fileRef = D8ADA8452132D16F003050F5 /* LeftDrawerView.m */; };
		D8ADA8492132D17D003050F5 /* MidDrawerView.m in Sources */ = {isa = PBXBuildFile; fileRef = D8ADA8482132D17D003050F5 /* MidDrawerView.m */; };
		D8ADA84C2132D190003050F5 /* RightDrawerView.m in Sources */ = {isa = PBXBuildFile; fileRef = D8ADA84B2132D190003050F5 /* RightDrawerView.m */; };
		D8ADA84F2132D24E003050F5 /* BaseModel.m in Sources */ = {isa = PBXBuildFile; fileRef = D8ADA84E2132D24E003050F5 /* BaseModel.m */; };
		D8ADA8522132D271003050F5 /* LeftDrawerBaseModel.m in Sources */ = {isa = PBXBuildFile; fileRef = D8ADA8512132D271003050F5 /* LeftDrawerBaseModel.m */; };
		D8ADA8552132D285003050F5 /* MidDrawerBaseModel.m in Sources */ = {isa = PBXBuildFile; fileRef = D8ADA8542132D285003050F5 /* MidDrawerBaseModel.m */; };
		D8ADA8582132D298003050F5 /* RightDrawerBaseModel.m in Sources */ = {isa = PBXBuildFile; fileRef = D8ADA8572132D298003050F5 /* RightDrawerBaseModel.m */; };
		D8ADA85F2132D372003050F5 /* RootViewController.m in Sources */ = {isa = PBXBuildFile; fileRef = D8ADA85E2132D372003050F5 /* RootViewController.m */; };
		D8ADA8622132D38A003050F5 /* RootView.m in Sources */ = {isa = PBXBuildFile; fileRef = D8ADA8612132D38A003050F5 /* RootView.m */; };
		D8ADA8652132D3A3003050F5 /* RootBaseModel.m in Sources */ = {isa = PBXBuildFile; fileRef = D8ADA8642132D3A3003050F5 /* RootBaseModel.m */; };
		D8ADA86F2132D646003050F5 /* UIViewController+Category.m in Sources */ = {isa = PBXBuildFile; fileRef = D8ADA86E2132D646003050F5 /* UIViewController+Category.m */; };
/* End PBXBuildFile section */

/* Begin PBXContainerItemProxy section */
		D8ADA809213282D8003050F5 /* PBXContainerItemProxy */ = {
			isa = PBXContainerItemProxy;
			containerPortal = D8ADA7E8213282D7003050F5 /* Project object */;
			proxyType = 1;
			remoteGlobalIDString = D8ADA7EF213282D7003050F5;
			remoteInfo = ZZMusic;
		};
		D8ADA814213282D8003050F5 /* PBXContainerItemProxy */ = {
			isa = PBXContainerItemProxy;
			containerPortal = D8ADA7E8213282D7003050F5 /* Project object */;
			proxyType = 1;
			remoteGlobalIDString = D8ADA7EF213282D7003050F5;
			remoteInfo = ZZMusic;
		};
/* End PBXContainerItemProxy section */

/* Begin PBXFileReference section */
		D8ADA7F0213282D7003050F5 /* ZZMusic.app */ = {isa = PBXFileReference; explicitFileType = wrapper.application; includeInIndex = 0; path = ZZMusic.app; sourceTree = BUILT_PRODUCTS_DIR; };
		D8ADA7F3213282D7003050F5 /* AppDelegate.h */ = {isa = PBXFileReference; lastKnownFileType = sourcecode.c.h; path = AppDelegate.h; sourceTree = "<group>"; };
		D8ADA7F4213282D7003050F5 /* AppDelegate.m */ = {isa = PBXFileReference; lastKnownFileType = sourcecode.c.objc; path = AppDelegate.m; sourceTree = "<group>"; };
		D8ADA7FA213282D7003050F5 /* Base */ = {isa = PBXFileReference; lastKnownFileType = file.storyboard; name = Base; path = Base.lproj/Main.storyboard; sourceTree = "<group>"; };
		D8ADA7FC213282D8003050F5 /* Assets.xcassets */ = {isa = PBXFileReference; lastKnownFileType = folder.assetcatalog; path = Assets.xcassets; sourceTree = "<group>"; };
		D8ADA7FF213282D8003050F5 /* Base */ = {isa = PBXFileReference; lastKnownFileType = file.storyboard; name = Base; path = Base.lproj/LaunchScreen.storyboard; sourceTree = "<group>"; };
		D8ADA801213282D8003050F5 /* Info.plist */ = {isa = PBXFileReference; lastKnownFileType = text.plist.xml; path = Info.plist; sourceTree = "<group>"; };
		D8ADA802213282D8003050F5 /* main.m */ = {isa = PBXFileReference; lastKnownFileType = sourcecode.c.objc; path = main.m; sourceTree = "<group>"; };
		D8ADA808213282D8003050F5 /* ZZMusicTests.xctest */ = {isa = PBXFileReference; explicitFileType = wrapper.cfbundle; includeInIndex = 0; path = ZZMusicTests.xctest; sourceTree = BUILT_PRODUCTS_DIR; };
		D8ADA80C213282D8003050F5 /* ZZMusicTests.m */ = {isa = PBXFileReference; lastKnownFileType = sourcecode.c.objc; path = ZZMusicTests.m; sourceTree = "<group>"; };
		D8ADA80E213282D8003050F5 /* Info.plist */ = {isa = PBXFileReference; lastKnownFileType = text.plist.xml; path = Info.plist; sourceTree = "<group>"; };
		D8ADA813213282D8003050F5 /* ZZMusicUITests.xctest */ = {isa = PBXFileReference; explicitFileType = wrapper.cfbundle; includeInIndex = 0; path = ZZMusicUITests.xctest; sourceTree = BUILT_PRODUCTS_DIR; };
		D8ADA817213282D8003050F5 /* ZZMusicUITests.m */ = {isa = PBXFileReference; lastKnownFileType = sourcecode.c.objc; path = ZZMusicUITests.m; sourceTree = "<group>"; };
		D8ADA819213282D8003050F5 /* Info.plist */ = {isa = PBXFileReference; lastKnownFileType = text.plist.xml; path = Info.plist; sourceTree = "<group>"; };
		D8ADA8322132AEC4003050F5 /* ZZMusicPrefixHeader.pch */ = {isa = PBXFileReference; lastKnownFileType = sourcecode.c.h; path = ZZMusicPrefixHeader.pch; sourceTree = "<group>"; };
		D8ADA8342132B279003050F5 /* SizeMacro.h */ = {isa = PBXFileReference; lastKnownFileType = sourcecode.c.h; path = SizeMacro.h; sourceTree = "<group>"; };
		D8ADA8352132B5C1003050F5 /* PathMacro.h */ = {isa = PBXFileReference; lastKnownFileType = sourcecode.c.h; path = PathMacro.h; sourceTree = "<group>"; };
		D8ADA8362132B6F9003050F5 /* UtilsMacro.h */ = {isa = PBXFileReference; lastKnownFileType = sourcecode.c.h; path = UtilsMacro.h; sourceTree = "<group>"; };
		D8ADA8372132BA25003050F5 /* Macro.h */ = {isa = PBXFileReference; lastKnownFileType = sourcecode.c.h; path = Macro.h; sourceTree = "<group>"; };
		D8ADA8382132D0E4003050F5 /* BaseViewController.h */ = {isa = PBXFileReference; lastKnownFileType = sourcecode.c.h; path = BaseViewController.h; sourceTree = "<group>"; };
		D8ADA8392132D0E4003050F5 /* BaseViewController.m */ = {isa = PBXFileReference; lastKnownFileType = sourcecode.c.objc; path = BaseViewController.m; sourceTree = "<group>"; };
		D8ADA83B2132D12E003050F5 /* LeftDrawerViewController.h */ = {isa = PBXFileReference; lastKnownFileType = sourcecode.c.h; path = LeftDrawerViewController.h; sourceTree = "<group>"; };
		D8ADA83C2132D12E003050F5 /* LeftDrawerViewController.m */ = {isa = PBXFileReference; lastKnownFileType = sourcecode.c.objc; path = LeftDrawerViewController.m; sourceTree = "<group>"; };
		D8ADA83E2132D140003050F5 /* MidDrawerViewController.h */ = {isa = PBXFileReference; lastKnownFileType = sourcecode.c.h; path = MidDrawerViewController.h; sourceTree = "<group>"; };
		D8ADA83F2132D140003050F5 /* MidDrawerViewController.m */ = {isa = PBXFileReference; lastKnownFileType = sourcecode.c.objc; path = MidDrawerViewController.m; sourceTree = "<group>"; };
		D8ADA8412132D14F003050F5 /* RightDrawerViewController.h */ = {isa = PBXFileReference; lastKnownFileType = sourcecode.c.h; path = RightDrawerViewController.h; sourceTree = "<group>"; };
		D8ADA8422132D14F003050F5 /* RightDrawerViewController.m */ = {isa = PBXFileReference; lastKnownFileType = sourcecode.c.objc; path = RightDrawerViewController.m; sourceTree = "<group>"; };
		D8ADA8442132D16F003050F5 /* LeftDrawerView.h */ = {isa = PBXFileReference; lastKnownFileType = sourcecode.c.h; path = LeftDrawerView.h; sourceTree = "<group>"; };
		D8ADA8452132D16F003050F5 /* LeftDrawerView.m */ = {isa = PBXFileReference; lastKnownFileType = sourcecode.c.objc; path = LeftDrawerView.m; sourceTree = "<group>"; };
		D8ADA8472132D17D003050F5 /* MidDrawerView.h */ = {isa = PBXFileReference; lastKnownFileType = sourcecode.c.h; path = MidDrawerView.h; sourceTree = "<group>"; };
		D8ADA8482132D17D003050F5 /* MidDrawerView.m */ = {isa = PBXFileReference; lastKnownFileType = sourcecode.c.objc; path = MidDrawerView.m; sourceTree = "<group>"; };
		D8ADA84A2132D190003050F5 /* RightDrawerView.h */ = {isa = PBXFileReference; lastKnownFileType = sourcecode.c.h; path = RightDrawerView.h; sourceTree = "<group>"; };
		D8ADA84B2132D190003050F5 /* RightDrawerView.m */ = {isa = PBXFileReference; lastKnownFileType = sourcecode.c.objc; path = RightDrawerView.m; sourceTree = "<group>"; };
		D8ADA84D2132D24E003050F5 /* BaseModel.h */ = {isa = PBXFileReference; lastKnownFileType = sourcecode.c.h; path = BaseModel.h; sourceTree = "<group>"; };
		D8ADA84E2132D24E003050F5 /* BaseModel.m */ = {isa = PBXFileReference; lastKnownFileType = sourcecode.c.objc; path = BaseModel.m; sourceTree = "<group>"; };
		D8ADA8502132D271003050F5 /* LeftDrawerBaseModel.h */ = {isa = PBXFileReference; lastKnownFileType = sourcecode.c.h; path = LeftDrawerBaseModel.h; sourceTree = "<group>"; };
		D8ADA8512132D271003050F5 /* LeftDrawerBaseModel.m */ = {isa = PBXFileReference; lastKnownFileType = sourcecode.c.objc; path = LeftDrawerBaseModel.m; sourceTree = "<group>"; };
		D8ADA8532132D285003050F5 /* MidDrawerBaseModel.h */ = {isa = PBXFileReference; lastKnownFileType = sourcecode.c.h; path = MidDrawerBaseModel.h; sourceTree = "<group>"; };
		D8ADA8542132D285003050F5 /* MidDrawerBaseModel.m */ = {isa = PBXFileReference; lastKnownFileType = sourcecode.c.objc; path = MidDrawerBaseModel.m; sourceTree = "<group>"; };
		D8ADA8562132D298003050F5 /* RightDrawerBaseModel.h */ = {isa = PBXFileReference; lastKnownFileType = sourcecode.c.h; path = RightDrawerBaseModel.h; sourceTree = "<group>"; };
		D8ADA8572132D298003050F5 /* RightDrawerBaseModel.m */ = {isa = PBXFileReference; lastKnownFileType = sourcecode.c.objc; path = RightDrawerBaseModel.m; sourceTree = "<group>"; };
		D8ADA85D2132D372003050F5 /* RootViewController.h */ = {isa = PBXFileReference; lastKnownFileType = sourcecode.c.h; path = RootViewController.h; sourceTree = "<group>"; };
		D8ADA85E2132D372003050F5 /* RootViewController.m */ = {isa = PBXFileReference; lastKnownFileType = sourcecode.c.objc; path = RootViewController.m; sourceTree = "<group>"; };
		D8ADA8602132D38A003050F5 /* RootView.h */ = {isa = PBXFileReference; lastKnownFileType = sourcecode.c.h; path = RootView.h; sourceTree = "<group>"; };
		D8ADA8612132D38A003050F5 /* RootView.m */ = {isa = PBXFileReference; lastKnownFileType = sourcecode.c.objc; path = RootView.m; sourceTree = "<group>"; };
		D8ADA8632132D3A3003050F5 /* RootBaseModel.h */ = {isa = PBXFileReference; lastKnownFileType = sourcecode.c.h; path = RootBaseModel.h; sourceTree = "<group>"; };
		D8ADA8642132D3A3003050F5 /* RootBaseModel.m */ = {isa = PBXFileReference; lastKnownFileType = sourcecode.c.objc; path = RootBaseModel.m; sourceTree = "<group>"; };
		D8ADA86D2132D646003050F5 /* UIViewController+Category.h */ = {isa = PBXFileReference; lastKnownFileType = sourcecode.c.h; path = "UIViewController+Category.h"; sourceTree = "<group>"; };
		D8ADA86E2132D646003050F5 /* UIViewController+Category.m */ = {isa = PBXFileReference; lastKnownFileType = sourcecode.c.objc; path = "UIViewController+Category.m"; sourceTree = "<group>"; };
		D8ADA8712132DF76003050F5 /* CategoryMacro.h */ = {isa = PBXFileReference; lastKnownFileType = sourcecode.c.h; path = CategoryMacro.h; sourceTree = "<group>"; };
		D8ADA8722132F47B003050F5 /* NotificationMacro.h */ = {isa = PBXFileReference; lastKnownFileType = sourcecode.c.h; path = NotificationMacro.h; sourceTree = "<group>"; };
/* End PBXFileReference section */

/* Begin PBXFrameworksBuildPhase section */
		D8ADA7ED213282D7003050F5 /* Frameworks */ = {
			isa = PBXFrameworksBuildPhase;
			buildActionMask = 2147483647;
			files = (
			);
			runOnlyForDeploymentPostprocessing = 0;
		};
		D8ADA805213282D8003050F5 /* Frameworks */ = {
			isa = PBXFrameworksBuildPhase;
			buildActionMask = 2147483647;
			files = (
			);
			runOnlyForDeploymentPostprocessing = 0;
		};
		D8ADA810213282D8003050F5 /* Frameworks */ = {
			isa = PBXFrameworksBuildPhase;
			buildActionMask = 2147483647;
			files = (
			);
			runOnlyForDeploymentPostprocessing = 0;
		};
/* End PBXFrameworksBuildPhase section */

/* Begin PBXGroup section */
		D8ADA7E7213282D7003050F5 = {
			isa = PBXGroup;
			children = (
				D8ADA7F2213282D7003050F5 /* ZZMusic */,
				D8ADA80B213282D8003050F5 /* ZZMusicTests */,
				D8ADA816213282D8003050F5 /* ZZMusicUITests */,
				D8ADA7F1213282D7003050F5 /* Products */,
			);
			sourceTree = "<group>";
		};
		D8ADA7F1213282D7003050F5 /* Products */ = {
			isa = PBXGroup;
			children = (
				D8ADA7F0213282D7003050F5 /* ZZMusic.app */,
				D8ADA808213282D8003050F5 /* ZZMusicTests.xctest */,
				D8ADA813213282D8003050F5 /* ZZMusicUITests.xctest */,
			);
			name = Products;
			sourceTree = "<group>";
		};
		D8ADA7F2213282D7003050F5 /* ZZMusic */ = {
			isa = PBXGroup;
			children = (
				D8ADA8322132AEC4003050F5 /* ZZMusicPrefixHeader.pch */,
				D8ADA8312132ADF9003050F5 /* Public（公共） */,
				D8ADA8592132D337003050F5 /* RootView */,
				D8ADA8252132ADBB003050F5 /* LeftDrawer（左抽屉） */,
				D8ADA82D2132ADBB003050F5 /* MidDrawer（中间抽屉） */,
				D8ADA8292132ADBB003050F5 /* RightDrawer（右抽屉） */,
				D8ADA7F3213282D7003050F5 /* AppDelegate.h */,
				D8ADA7F4213282D7003050F5 /* AppDelegate.m */,
				D8ADA7F9213282D7003050F5 /* Main.storyboard */,
				D8ADA7FC213282D8003050F5 /* Assets.xcassets */,
				D8ADA7FE213282D8003050F5 /* LaunchScreen.storyboard */,
				D8ADA801213282D8003050F5 /* Info.plist */,
				D8ADA802213282D8003050F5 /* main.m */,
			);
			path = ZZMusic;
			sourceTree = "<group>";
		};
		D8ADA80B213282D8003050F5 /* ZZMusicTests */ = {
			isa = PBXGroup;
			children = (
				D8ADA80C213282D8003050F5 /* ZZMusicTests.m */,
				D8ADA80E213282D8003050F5 /* Info.plist */,
			);
			path = ZZMusicTests;
			sourceTree = "<group>";
		};
		D8ADA816213282D8003050F5 /* ZZMusicUITests */ = {
			isa = PBXGroup;
			children = (
				D8ADA817213282D8003050F5 /* ZZMusicUITests.m */,
				D8ADA819213282D8003050F5 /* Info.plist */,
			);
			path = ZZMusicUITests;
			sourceTree = "<group>";
		};
		D8ADA8252132ADBB003050F5 /* LeftDrawer（左抽屉） */ = {
			isa = PBXGroup;
			children = (
				D8ADA8262132ADBB003050F5 /* Controller */,
				D8ADA8272132ADBB003050F5 /* Model */,
				D8ADA8282132ADBB003050F5 /* View */,
			);
			path = "LeftDrawer（左抽屉）";
			sourceTree = "<group>";
		};
		D8ADA8262132ADBB003050F5 /* Controller */ = {
			isa = PBXGroup;
			children = (
				D8ADA83B2132D12E003050F5 /* LeftDrawerViewController.h */,
				D8ADA83C2132D12E003050F5 /* LeftDrawerViewController.m */,
			);
			path = Controller;
			sourceTree = "<group>";
		};
		D8ADA8272132ADBB003050F5 /* Model */ = {
			isa = PBXGroup;
			children = (
				D8ADA8502132D271003050F5 /* LeftDrawerBaseModel.h */,
				D8ADA8512132D271003050F5 /* LeftDrawerBaseModel.m */,
			);
			path = Model;
			sourceTree = "<group>";
		};
		D8ADA8282132ADBB003050F5 /* View */ = {
			isa = PBXGroup;
			children = (
				D8ADA8442132D16F003050F5 /* LeftDrawerView.h */,
				D8ADA8452132D16F003050F5 /* LeftDrawerView.m */,
			);
			path = View;
			sourceTree = "<group>";
		};
		D8ADA8292132ADBB003050F5 /* RightDrawer（右抽屉） */ = {
			isa = PBXGroup;
			children = (
				D8ADA82A2132ADBB003050F5 /* Controller */,
				D8ADA82B2132ADBB003050F5 /* Model */,
				D8ADA82C2132ADBB003050F5 /* View */,
			);
			path = "RightDrawer（右抽屉）";
			sourceTree = "<group>";
		};
		D8ADA82A2132ADBB003050F5 /* Controller */ = {
			isa = PBXGroup;
			children = (
				D8ADA8412132D14F003050F5 /* RightDrawerViewController.h */,
				D8ADA8422132D14F003050F5 /* RightDrawerViewController.m */,
			);
			path = Controller;
			sourceTree = "<group>";
		};
		D8ADA82B2132ADBB003050F5 /* Model */ = {
			isa = PBXGroup;
			children = (
				D8ADA8562132D298003050F5 /* RightDrawerBaseModel.h */,
				D8ADA8572132D298003050F5 /* RightDrawerBaseModel.m */,
			);
			path = Model;
			sourceTree = "<group>";
		};
		D8ADA82C2132ADBB003050F5 /* View */ = {
			isa = PBXGroup;
			children = (
				D8ADA84A2132D190003050F5 /* RightDrawerView.h */,
				D8ADA84B2132D190003050F5 /* RightDrawerView.m */,
			);
			path = View;
			sourceTree = "<group>";
		};
		D8ADA82D2132ADBB003050F5 /* MidDrawer（中间抽屉） */ = {
			isa = PBXGroup;
			children = (
				D8ADA82E2132ADBB003050F5 /* Controller */,
				D8ADA82F2132ADBB003050F5 /* Model */,
				D8ADA8302132ADBB003050F5 /* View */,
			);
			path = "MidDrawer（中间抽屉）";
			sourceTree = "<group>";
		};
		D8ADA82E2132ADBB003050F5 /* Controller */ = {
			isa = PBXGroup;
			children = (
				D8ADA83E2132D140003050F5 /* MidDrawerViewController.h */,
				D8ADA83F2132D140003050F5 /* MidDrawerViewController.m */,
			);
			path = Controller;
			sourceTree = "<group>";
		};
		D8ADA82F2132ADBB003050F5 /* Model */ = {
			isa = PBXGroup;
			children = (
				D8ADA8532132D285003050F5 /* MidDrawerBaseModel.h */,
				D8ADA8542132D285003050F5 /* MidDrawerBaseModel.m */,
			);
			path = Model;
			sourceTree = "<group>";
		};
		D8ADA8302132ADBB003050F5 /* View */ = {
			isa = PBXGroup;
			children = (
				D8ADA8472132D17D003050F5 /* MidDrawerView.h */,
				D8ADA8482132D17D003050F5 /* MidDrawerView.m */,
			);
			path = View;
			sourceTree = "<group>";
		};
		D8ADA8312132ADF9003050F5 /* Public（公共） */ = {
			isa = PBXGroup;
			children = (
				D8ADA8662132D5D1003050F5 /* Category */,
				D8ADA8332132B239003050F5 /* 宏定义 */,
				D8ADA8382132D0E4003050F5 /* BaseViewController.h */,
				D8ADA8392132D0E4003050F5 /* BaseViewController.m */,
				D8ADA84D2132D24E003050F5 /* BaseModel.h */,
				D8ADA84E2132D24E003050F5 /* BaseModel.m */,
			);
			path = "Public（公共）";
			sourceTree = "<group>";
		};
		D8ADA8332132B239003050F5 /* 宏定义 */ = {
			isa = PBXGroup;
			children = (
				D8ADA8342132B279003050F5 /* SizeMacro.h */,
				D8ADA8352132B5C1003050F5 /* PathMacro.h */,
				D8ADA8362132B6F9003050F5 /* UtilsMacro.h */,
				D8ADA8372132BA25003050F5 /* Macro.h */,
				D8ADA8712132DF76003050F5 /* CategoryMacro.h */,
				D8ADA8722132F47B003050F5 /* NotificationMacro.h */,
			);
			path = "宏定义";
			sourceTree = "<group>";
		};
		D8ADA8592132D337003050F5 /* RootView */ = {
			isa = PBXGroup;
			children = (
				D8ADA85C2132D363003050F5 /* Controller */,
				D8ADA85A2132D362003050F5 /* Model */,
				D8ADA85B2132D362003050F5 /* View */,
			);
			path = RootView;
			sourceTree = "<group>";
		};
		D8ADA85A2132D362003050F5 /* Model */ = {
			isa = PBXGroup;
			children = (
				D8ADA8632132D3A3003050F5 /* RootBaseModel.h */,
				D8ADA8642132D3A3003050F5 /* RootBaseModel.m */,
			);
			path = Model;
			sourceTree = "<group>";
		};
		D8ADA85B2132D362003050F5 /* View */ = {
			isa = PBXGroup;
			children = (
				D8ADA8602132D38A003050F5 /* RootView.h */,
				D8ADA8612132D38A003050F5 /* RootView.m */,
			);
			path = View;
			sourceTree = "<group>";
		};
		D8ADA85C2132D363003050F5 /* Controller */ = {
			isa = PBXGroup;
			children = (
				D8ADA85D2132D372003050F5 /* RootViewController.h */,
				D8ADA85E2132D372003050F5 /* RootViewController.m */,
			);
			path = Controller;
			sourceTree = "<group>";
		};
		D8ADA8662132D5D1003050F5 /* Category */ = {
			isa = PBXGroup;
			children = (
				D8ADA86D2132D646003050F5 /* UIViewController+Category.h */,
				D8ADA86E2132D646003050F5 /* UIViewController+Category.m */,
			);
			path = Category;
			sourceTree = "<group>";
		};
/* End PBXGroup section */

/* Begin PBXNativeTarget section */
		D8ADA7EF213282D7003050F5 /* ZZMusic */ = {
			isa = PBXNativeTarget;
			buildConfigurationList = D8ADA81C213282D8003050F5 /* Build configuration list for PBXNativeTarget "ZZMusic" */;
			buildPhases = (
				D8ADA7EC213282D7003050F5 /* Sources */,
				D8ADA7ED213282D7003050F5 /* Frameworks */,
				D8ADA7EE213282D7003050F5 /* Resources */,
			);
			buildRules = (
			);
			dependencies = (
			);
			name = ZZMusic;
			productName = ZZMusic;
			productReference = D8ADA7F0213282D7003050F5 /* ZZMusic.app */;
			productType = "com.apple.product-type.application";
		};
		D8ADA807213282D8003050F5 /* ZZMusicTests */ = {
			isa = PBXNativeTarget;
			buildConfigurationList = D8ADA81F213282D8003050F5 /* Build configuration list for PBXNativeTarget "ZZMusicTests" */;
			buildPhases = (
				D8ADA804213282D8003050F5 /* Sources */,
				D8ADA805213282D8003050F5 /* Frameworks */,
				D8ADA806213282D8003050F5 /* Resources */,
			);
			buildRules = (
			);
			dependencies = (
				D8ADA80A213282D8003050F5 /* PBXTargetDependency */,
			);
			name = ZZMusicTests;
			productName = ZZMusicTests;
			productReference = D8ADA808213282D8003050F5 /* ZZMusicTests.xctest */;
			productType = "com.apple.product-type.bundle.unit-test";
		};
		D8ADA812213282D8003050F5 /* ZZMusicUITests */ = {
			isa = PBXNativeTarget;
			buildConfigurationList = D8ADA822213282D8003050F5 /* Build configuration list for PBXNativeTarget "ZZMusicUITests" */;
			buildPhases = (
				D8ADA80F213282D8003050F5 /* Sources */,
				D8ADA810213282D8003050F5 /* Frameworks */,
				D8ADA811213282D8003050F5 /* Resources */,
			);
			buildRules = (
			);
			dependencies = (
				D8ADA815213282D8003050F5 /* PBXTargetDependency */,
			);
			name = ZZMusicUITests;
			productName = ZZMusicUITests;
			productReference = D8ADA813213282D8003050F5 /* ZZMusicUITests.xctest */;
			productType = "com.apple.product-type.bundle.ui-testing";
		};
/* End PBXNativeTarget section */

/* Begin PBXProject section */
		D8ADA7E8213282D7003050F5 /* Project object */ = {
			isa = PBXProject;
			attributes = {
				LastUpgradeCheck = 0940;
				ORGANIZATIONNAME = zhognzhaojun;
				TargetAttributes = {
					D8ADA7EF213282D7003050F5 = {
						CreatedOnToolsVersion = 9.4.1;
					};
					D8ADA807213282D8003050F5 = {
						CreatedOnToolsVersion = 9.4.1;
						TestTargetID = D8ADA7EF213282D7003050F5;
					};
					D8ADA812213282D8003050F5 = {
						CreatedOnToolsVersion = 9.4.1;
						TestTargetID = D8ADA7EF213282D7003050F5;
					};
				};
			};
			buildConfigurationList = D8ADA7EB213282D7003050F5 /* Build configuration list for PBXProject "ZZMusic" */;
			compatibilityVersion = "Xcode 9.3";
			developmentRegion = en;
			hasScannedForEncodings = 0;
			knownRegions = (
				en,
				Base,
			);
			mainGroup = D8ADA7E7213282D7003050F5;
			productRefGroup = D8ADA7F1213282D7003050F5 /* Products */;
			projectDirPath = "";
			projectRoot = "";
			targets = (
				D8ADA7EF213282D7003050F5 /* ZZMusic */,
				D8ADA807213282D8003050F5 /* ZZMusicTests */,
				D8ADA812213282D8003050F5 /* ZZMusicUITests */,
			);
		};
/* End PBXProject section */

/* Begin PBXResourcesBuildPhase section */
		D8ADA7EE213282D7003050F5 /* Resources */ = {
			isa = PBXResourcesBuildPhase;
			buildActionMask = 2147483647;
			files = (
				D8ADA800213282D8003050F5 /* LaunchScreen.storyboard in Resources */,
				D8ADA7FD213282D8003050F5 /* Assets.xcassets in Resources */,
				D8ADA7FB213282D7003050F5 /* Main.storyboard in Resources */,
			);
			runOnlyForDeploymentPostprocessing = 0;
		};
		D8ADA806213282D8003050F5 /* Resources */ = {
			isa = PBXResourcesBuildPhase;
			buildActionMask = 2147483647;
			files = (
			);
			runOnlyForDeploymentPostprocessing = 0;
		};
		D8ADA811213282D8003050F5 /* Resources */ = {
			isa = PBXResourcesBuildPhase;
			buildActionMask = 2147483647;
			files = (
			);
			runOnlyForDeploymentPostprocessing = 0;
		};
/* End PBXResourcesBuildPhase section */

/* Begin PBXSourcesBuildPhase section */
		D8ADA7EC213282D7003050F5 /* Sources */ = {
			isa = PBXSourcesBuildPhase;
			buildActionMask = 2147483647;
			files = (
				D8ADA8522132D271003050F5 /* LeftDrawerBaseModel.m in Sources */,
				D8ADA8552132D285003050F5 /* MidDrawerBaseModel.m in Sources */,
				D8ADA84C2132D190003050F5 /* RightDrawerView.m in Sources */,
				D8ADA83A2132D0E4003050F5 /* BaseViewController.m in Sources */,
				D8ADA8622132D38A003050F5 /* RootView.m in Sources */,
				D8ADA84F2132D24E003050F5 /* BaseModel.m in Sources */,
				D8ADA86F2132D646003050F5 /* UIViewController+Category.m in Sources */,
				D8ADA8582132D298003050F5 /* RightDrawerBaseModel.m in Sources */,
				D8ADA803213282D8003050F5 /* main.m in Sources */,
				D8ADA7F5213282D7003050F5 /* AppDelegate.m in Sources */,
				D8ADA85F2132D372003050F5 /* RootViewController.m in Sources */,
				D8ADA8652132D3A3003050F5 /* RootBaseModel.m in Sources */,
				D8ADA8402132D140003050F5 /* MidDrawerViewController.m in Sources */,
				D8ADA8432132D14F003050F5 /* RightDrawerViewController.m in Sources */,
				D8ADA8462132D16F003050F5 /* LeftDrawerView.m in Sources */,
				D8ADA8492132D17D003050F5 /* MidDrawerView.m in Sources */,
				D8ADA83D2132D12E003050F5 /* LeftDrawerViewController.m in Sources */,
			);
			runOnlyForDeploymentPostprocessing = 0;
		};
		D8ADA804213282D8003050F5 /* Sources */ = {
			isa = PBXSourcesBuildPhase;
			buildActionMask = 2147483647;
			files = (
				D8ADA80D213282D8003050F5 /* ZZMusicTests.m in Sources */,
			);
			runOnlyForDeploymentPostprocessing = 0;
		};
		D8ADA80F213282D8003050F5 /* Sources */ = {
			isa = PBXSourcesBuildPhase;
			buildActionMask = 2147483647;
			files = (
				D8ADA818213282D8003050F5 /* ZZMusicUITests.m in Sources */,
			);
			runOnlyForDeploymentPostprocessing = 0;
		};
/* End PBXSourcesBuildPhase section */

/* Begin PBXTargetDependency section */
		D8ADA80A213282D8003050F5 /* PBXTargetDependency */ = {
			isa = PBXTargetDependency;
			target = D8ADA7EF213282D7003050F5 /* ZZMusic */;
			targetProxy = D8ADA809213282D8003050F5 /* PBXContainerItemProxy */;
		};
		D8ADA815213282D8003050F5 /* PBXTargetDependency */ = {
			isa = PBXTargetDependency;
			target = D8ADA7EF213282D7003050F5 /* ZZMusic */;
			targetProxy = D8ADA814213282D8003050F5 /* PBXContainerItemProxy */;
		};
/* End PBXTargetDependency section */

/* Begin PBXVariantGroup section */
		D8ADA7F9213282D7003050F5 /* Main.storyboard */ = {
			isa = PBXVariantGroup;
			children = (
				D8ADA7FA213282D7003050F5 /* Base */,
			);
			name = Main.storyboard;
			sourceTree = "<group>";
		};
		D8ADA7FE213282D8003050F5 /* LaunchScreen.storyboard */ = {
			isa = PBXVariantGroup;
			children = (
				D8ADA7FF213282D8003050F5 /* Base */,
			);
			name = LaunchScreen.storyboard;
			sourceTree = "<group>";
		};
/* End PBXVariantGroup section */

/* Begin XCBuildConfiguration section */
		D8ADA81A213282D8003050F5 /* Debug */ = {
			isa = XCBuildConfiguration;
			buildSettings = {
				ALWAYS_SEARCH_USER_PATHS = NO;
				CLANG_ANALYZER_NONNULL = YES;
				CLANG_ANALYZER_NUMBER_OBJECT_CONVERSION = YES_AGGRESSIVE;
				CLANG_CXX_LANGUAGE_STANDARD = "gnu++14";
				CLANG_CXX_LIBRARY = "libc++";
				CLANG_ENABLE_MODULES = YES;
				CLANG_ENABLE_OBJC_ARC = YES;
				CLANG_ENABLE_OBJC_WEAK = YES;
				CLANG_WARN_BLOCK_CAPTURE_AUTORELEASING = YES;
				CLANG_WARN_BOOL_CONVERSION = YES;
				CLANG_WARN_COMMA = YES;
				CLANG_WARN_CONSTANT_CONVERSION = YES;
				CLANG_WARN_DEPRECATED_OBJC_IMPLEMENTATIONS = YES;
				CLANG_WARN_DIRECT_OBJC_ISA_USAGE = YES_ERROR;
				CLANG_WARN_DOCUMENTATION_COMMENTS = YES;
				CLANG_WARN_EMPTY_BODY = YES;
				CLANG_WARN_ENUM_CONVERSION = YES;
				CLANG_WARN_INFINITE_RECURSION = YES;
				CLANG_WARN_INT_CONVERSION = YES;
				CLANG_WARN_NON_LITERAL_NULL_CONVERSION = YES;
				CLANG_WARN_OBJC_IMPLICIT_RETAIN_SELF = YES;
				CLANG_WARN_OBJC_LITERAL_CONVERSION = YES;
				CLANG_WARN_OBJC_ROOT_CLASS = YES_ERROR;
				CLANG_WARN_RANGE_LOOP_ANALYSIS = YES;
				CLANG_WARN_STRICT_PROTOTYPES = YES;
				CLANG_WARN_SUSPICIOUS_MOVE = YES;
				CLANG_WARN_UNGUARDED_AVAILABILITY = YES_AGGRESSIVE;
				CLANG_WARN_UNREACHABLE_CODE = YES;
				CLANG_WARN__DUPLICATE_METHOD_MATCH = YES;
				CODE_SIGN_IDENTITY = "iPhone Developer";
				COPY_PHASE_STRIP = NO;
				DEBUG_INFORMATION_FORMAT = dwarf;
				ENABLE_STRICT_OBJC_MSGSEND = YES;
				ENABLE_TESTABILITY = YES;
				GCC_C_LANGUAGE_STANDARD = gnu11;
				GCC_DYNAMIC_NO_PIC = NO;
				GCC_NO_COMMON_BLOCKS = YES;
				GCC_OPTIMIZATION_LEVEL = 0;
				GCC_PREPROCESSOR_DEFINITIONS = (
					"DEBUG=1",
					"$(inherited)",
				);
				GCC_WARN_64_TO_32_BIT_CONVERSION = YES;
				GCC_WARN_ABOUT_RETURN_TYPE = YES_ERROR;
				GCC_WARN_UNDECLARED_SELECTOR = YES;
				GCC_WARN_UNINITIALIZED_AUTOS = YES_AGGRESSIVE;
				GCC_WARN_UNUSED_FUNCTION = YES;
				GCC_WARN_UNUSED_VARIABLE = YES;
				IPHONEOS_DEPLOYMENT_TARGET = 11.4;
				MTL_ENABLE_DEBUG_INFO = YES;
				ONLY_ACTIVE_ARCH = YES;
				SDKROOT = iphoneos;
			};
			name = Debug;
		};
		D8ADA81B213282D8003050F5 /* Release */ = {
			isa = XCBuildConfiguration;
			buildSettings = {
				ALWAYS_SEARCH_USER_PATHS = NO;
				CLANG_ANALYZER_NONNULL = YES;
				CLANG_ANALYZER_NUMBER_OBJECT_CONVERSION = YES_AGGRESSIVE;
				CLANG_CXX_LANGUAGE_STANDARD = "gnu++14";
				CLANG_CXX_LIBRARY = "libc++";
				CLANG_ENABLE_MODULES = YES;
				CLANG_ENABLE_OBJC_ARC = YES;
				CLANG_ENABLE_OBJC_WEAK = YES;
				CLANG_WARN_BLOCK_CAPTURE_AUTORELEASING = YES;
				CLANG_WARN_BOOL_CONVERSION = YES;
				CLANG_WARN_COMMA = YES;
				CLANG_WARN_CONSTANT_CONVERSION = YES;
				CLANG_WARN_DEPRECATED_OBJC_IMPLEMENTATIONS = YES;
				CLANG_WARN_DIRECT_OBJC_ISA_USAGE = YES_ERROR;
				CLANG_WARN_DOCUMENTATION_COMMENTS = YES;
				CLANG_WARN_EMPTY_BODY = YES;
				CLANG_WARN_ENUM_CONVERSION = YES;
				CLANG_WARN_INFINITE_RECURSION = YES;
				CLANG_WARN_INT_CONVERSION = YES;
				CLANG_WARN_NON_LITERAL_NULL_CONVERSION = YES;
				CLANG_WARN_OBJC_IMPLICIT_RETAIN_SELF = YES;
				CLANG_WARN_OBJC_LITERAL_CONVERSION = YES;
				CLANG_WARN_OBJC_ROOT_CLASS = YES_ERROR;
				CLANG_WARN_RANGE_LOOP_ANALYSIS = YES;
				CLANG_WARN_STRICT_PROTOTYPES = YES;
				CLANG_WARN_SUSPICIOUS_MOVE = YES;
				CLANG_WARN_UNGUARDED_AVAILABILITY = YES_AGGRESSIVE;
				CLANG_WARN_UNREACHABLE_CODE = YES;
				CLANG_WARN__DUPLICATE_METHOD_MATCH = YES;
				CODE_SIGN_IDENTITY = "iPhone Developer";
				COPY_PHASE_STRIP = NO;
				DEBUG_INFORMATION_FORMAT = "dwarf-with-dsym";
				ENABLE_NS_ASSERTIONS = NO;
				ENABLE_STRICT_OBJC_MSGSEND = YES;
				GCC_C_LANGUAGE_STANDARD = gnu11;
				GCC_NO_COMMON_BLOCKS = YES;
				GCC_WARN_64_TO_32_BIT_CONVERSION = YES;
				GCC_WARN_ABOUT_RETURN_TYPE = YES_ERROR;
				GCC_WARN_UNDECLARED_SELECTOR = YES;
				GCC_WARN_UNINITIALIZED_AUTOS = YES_AGGRESSIVE;
				GCC_WARN_UNUSED_FUNCTION = YES;
				GCC_WARN_UNUSED_VARIABLE = YES;
				IPHONEOS_DEPLOYMENT_TARGET = 11.4;
				MTL_ENABLE_DEBUG_INFO = NO;
				SDKROOT = iphoneos;
				VALIDATE_PRODUCT = YES;
			};
			name = Release;
		};
		D8ADA81D213282D8003050F5 /* Debug */ = {
			isa = XCBuildConfiguration;
			buildSettings = {
				ASSETCATALOG_COMPILER_APPICON_NAME = AppIcon;
				CODE_SIGN_STYLE = Automatic;
				DEVELOPMENT_TEAM = HHBWV8ZU9T;
				GCC_PRECOMPILE_PREFIX_HEADER = YES;
				GCC_PREFIX_HEADER = "$(SRCROOT)/ZZMusic/ZZMusicPrefixHeader.pch";
				INFOPLIST_FILE = ZZMusic/Info.plist;
				IPHONEOS_DEPLOYMENT_TARGET = 9.0;
				LD_RUNPATH_SEARCH_PATHS = (
					"$(inherited)",
					"@executable_path/Frameworks",
				);
				PRODUCT_BUNDLE_IDENTIFIER = joe.ZZMusic;
				PRODUCT_NAME = "$(TARGET_NAME)";
				TARGETED_DEVICE_FAMILY = "1,2";
			};
			name = Debug;
		};
		D8ADA81E213282D8003050F5 /* Release */ = {
			isa = XCBuildConfiguration;
			buildSettings = {
				ASSETCATALOG_COMPILER_APPICON_NAME = AppIcon;
				CODE_SIGN_STYLE = Automatic;
				DEVELOPMENT_TEAM = HHBWV8ZU9T;
				GCC_PRECOMPILE_PREFIX_HEADER = YES;
				GCC_PREFIX_HEADER = "$(SRCROOT)/ZZMusic/ZZMusicPrefixHeader.pch";
				INFOPLIST_FILE = ZZMusic/Info.plist;
				IPHONEOS_DEPLOYMENT_TARGET = 9.0;
				LD_RUNPATH_SEARCH_PATHS = (
					"$(inherited)",
					"@executable_path/Frameworks",
				);
				PRODUCT_BUNDLE_IDENTIFIER = joe.ZZMusic;
				PRODUCT_NAME = "$(TARGET_NAME)";
				TARGETED_DEVICE_FAMILY = "1,2";
			};
			name = Release;
		};
		D8ADA820213282D8003050F5 /* Debug */ = {
			isa = XCBuildConfiguration;
			buildSettings = {
				BUNDLE_LOADER = "$(TEST_HOST)";
				CODE_SIGN_STYLE = Automatic;
				DEVELOPMENT_TEAM = HHBWV8ZU9T;
				INFOPLIST_FILE = ZZMusicTests/Info.plist;
				LD_RUNPATH_SEARCH_PATHS = (
					"$(inherited)",
					"@executable_path/Frameworks",
					"@loader_path/Frameworks",
				);
				PRODUCT_BUNDLE_IDENTIFIER = joe.ZZMusicTests;
				PRODUCT_NAME = "$(TARGET_NAME)";
				TARGETED_DEVICE_FAMILY = "1,2";
				TEST_HOST = "$(BUILT_PRODUCTS_DIR)/ZZMusic.app/ZZMusic";
			};
			name = Debug;
		};
		D8ADA821213282D8003050F5 /* Release */ = {
			isa = XCBuildConfiguration;
			buildSettings = {
				BUNDLE_LOADER = "$(TEST_HOST)";
				CODE_SIGN_STYLE = Automatic;
				DEVELOPMENT_TEAM = HHBWV8ZU9T;
				INFOPLIST_FILE = ZZMusicTests/Info.plist;
				LD_RUNPATH_SEARCH_PATHS = (
					"$(inherited)",
					"@executable_path/Frameworks",
					"@loader_path/Frameworks",
				);
				PRODUCT_BUNDLE_IDENTIFIER = joe.ZZMusicTests;
				PRODUCT_NAME = "$(TARGET_NAME)";
				TARGETED_DEVICE_FAMILY = "1,2";
				TEST_HOST = "$(BUILT_PRODUCTS_DIR)/ZZMusic.app/ZZMusic";
			};
			name = Release;
		};
		D8ADA823213282D8003050F5 /* Debug */ = {
			isa = XCBuildConfiguration;
			buildSettings = {
				CODE_SIGN_STYLE = Automatic;
				DEVELOPMENT_TEAM = HHBWV8ZU9T;
				INFOPLIST_FILE = ZZMusicUITests/Info.plist;
				LD_RUNPATH_SEARCH_PATHS = (
					"$(inherited)",
					"@executable_path/Frameworks",
					"@loader_path/Frameworks",
				);
				PRODUCT_BUNDLE_IDENTIFIER = joe.ZZMusicUITests;
				PRODUCT_NAME = "$(TARGET_NAME)";
				TARGETED_DEVICE_FAMILY = "1,2";
				TEST_TARGET_NAME = ZZMusic;
			};
			name = Debug;
		};
		D8ADA824213282D8003050F5 /* Release */ = {
			isa = XCBuildConfiguration;
			buildSettings = {
				CODE_SIGN_STYLE = Automatic;
				DEVELOPMENT_TEAM = HHBWV8ZU9T;
				INFOPLIST_FILE = ZZMusicUITests/Info.plist;
				LD_RUNPATH_SEARCH_PATHS = (
					"$(inherited)",
					"@executable_path/Frameworks",
					"@loader_path/Frameworks",
				);
				PRODUCT_BUNDLE_IDENTIFIER = joe.ZZMusicUITests;
				PRODUCT_NAME = "$(TARGET_NAME)";
				TARGETED_DEVICE_FAMILY = "1,2";
				TEST_TARGET_NAME = ZZMusic;
			};
			name = Release;
		};
/* End XCBuildConfiguration section */

/* Begin XCConfigurationList section */
		D8ADA7EB213282D7003050F5 /* Build configuration list for PBXProject "ZZMusic" */ = {
			isa = XCConfigurationList;
			buildConfigurations = (
				D8ADA81A213282D8003050F5 /* Debug */,
				D8ADA81B213282D8003050F5 /* Release */,
			);
			defaultConfigurationIsVisible = 0;
			defaultConfigurationName = Release;
		};
		D8ADA81C213282D8003050F5 /* Build configuration list for PBXNativeTarget "ZZMusic" */ = {
			isa = XCConfigurationList;
			buildConfigurations = (
				D8ADA81D213282D8003050F5 /* Debug */,
				D8ADA81E213282D8003050F5 /* Release */,
			);
			defaultConfigurationIsVisible = 0;
			defaultConfigurationName = Release;
		};
		D8ADA81F213282D8003050F5 /* Build configuration list for PBXNativeTarget "ZZMusicTests" */ = {
			isa = XCConfigurationList;
			buildConfigurations = (
				D8ADA820213282D8003050F5 /* Debug */,
				D8ADA821213282D8003050F5 /* Release */,
			);
			defaultConfigurationIsVisible = 0;
			defaultConfigurationName = Release;
		};
		D8ADA822213282D8003050F5 /* Build configuration list for PBXNativeTarget "ZZMusicUITests" */ = {
			isa = XCConfigurationList;
			buildConfigurations = (
				D8ADA823213282D8003050F5 /* Debug */,
				D8ADA824213282D8003050F5 /* Release */,
			);
			defaultConfigurationIsVisible = 0;
			defaultConfigurationName = Release;
		};
/* End XCConfigurationList section */
	};
	rootObject = D8ADA7E8213282D7003050F5 /* Project object */;
}
